// !$*UTF8*$!
{
	archiveVersion = 1;
	classes = {
	};
	objectVersion = 46;
	objects = {

/* Begin PBXBuildFile section */
		EBB5C6831D8E87A50052414B /* NSData+Encryption.m in Sources */ = {isa = PBXBuildFile; fileRef = EBB5C6821D8E87A50052414B /* NSData+Encryption.m */; };
		EBB5C68A1D8E8FD20052414B /* EncrypteOutputHelper.m in Sources */ = {isa = PBXBuildFile; fileRef = EBB5C6891D8E8FD20052414B /* EncrypteOutputHelper.m */; };
		EBC4C2C71D8E62EC006C35F4 /* AppDelegate.m in Sources */ = {isa = PBXBuildFile; fileRef = EBC4C2C61D8E62EC006C35F4 /* AppDelegate.m */; };
		EBC4C2CA1D8E62EC006C35F4 /* main.m in Sources */ = {isa = PBXBuildFile; fileRef = EBC4C2C91D8E62EC006C35F4 /* main.m */; };
		EBC4C2CD1D8E62EC006C35F4 /* ViewController.m in Sources */ = {isa = PBXBuildFile; fileRef = EBC4C2CC1D8E62EC006C35F4 /* ViewController.m */; };
		EBC4C2CF1D8E62EC006C35F4 /* Assets.xcassets in Resources */ = {isa = PBXBuildFile; fileRef = EBC4C2CE1D8E62EC006C35F4 /* Assets.xcassets */; };
		EBC4C2D21D8E62EC006C35F4 /* Main.storyboard in Resources */ = {isa = PBXBuildFile; fileRef = EBC4C2D01D8E62EC006C35F4 /* Main.storyboard */; };
		EBC4C2DB1D8E7424006C35F4 /* MainWindowController.m in Sources */ = {isa = PBXBuildFile; fileRef = EBC4C2DA1D8E7424006C35F4 /* MainWindowController.m */; };
		EBC4C2DE1D8E77A6006C35F4 /* KeyContainerView.m in Sources */ = {isa = PBXBuildFile; fileRef = EBC4C2DD1D8E77A6006C35F4 /* KeyContainerView.m */; };
		EBC4C2E11D8E77B6006C35F4 /* DropContainerView.m in Sources */ = {isa = PBXBuildFile; fileRef = EBC4C2E01D8E77B6006C35F4 /* DropContainerView.m */; };
/* End PBXBuildFile section */

/* Begin PBXFileReference section */
		EBB5C6811D8E87A50052414B /* NSData+Encryption.h */ = {isa = PBXFileReference; fileEncoding = 4; lastKnownFileType = sourcecode.c.h; path = "NSData+Encryption.h"; sourceTree = "<group>"; };
		EBB5C6821D8E87A50052414B /* NSData+Encryption.m */ = {isa = PBXFileReference; fileEncoding = 4; lastKnownFileType = sourcecode.c.objc; path = "NSData+Encryption.m"; sourceTree = "<group>"; };
		EBB5C6881D8E8FD20052414B /* EncrypteOutputHelper.h */ = {isa = PBXFileReference; fileEncoding = 4; lastKnownFileType = sourcecode.c.h; path = EncrypteOutputHelper.h; sourceTree = "<group>"; };
		EBB5C6891D8E8FD20052414B /* EncrypteOutputHelper.m */ = {isa = PBXFileReference; fileEncoding = 4; lastKnownFileType = sourcecode.c.objc; path = EncrypteOutputHelper.m; sourceTree = "<group>"; };
		EBC4C2C21D8E62EC006C35F4 /* Encryptor.app */ = {isa = PBXFileReference; explicitFileType = wrapper.application; includeInIndex = 0; path = Encryptor.app; sourceTree = BUILT_PRODUCTS_DIR; };
		EBC4C2C51D8E62EC006C35F4 /* AppDelegate.h */ = {isa = PBXFileReference; lastKnownFileType = sourcecode.c.h; path = AppDelegate.h; sourceTree = "<group>"; };
		EBC4C2C61D8E62EC006C35F4 /* AppDelegate.m */ = {isa = PBXFileReference; lastKnownFileType = sourcecode.c.objc; path = AppDelegate.m; sourceTree = "<group>"; };
		EBC4C2C91D8E62EC006C35F4 /* main.m */ = {isa = PBXFileReference; lastKnownFileType = sourcecode.c.objc; path = main.m; sourceTree = "<group>"; };
		EBC4C2CB1D8E62EC006C35F4 /* ViewController.h */ = {isa = PBXFileReference; lastKnownFileType = sourcecode.c.h; path = ViewController.h; sourceTree = "<group>"; };
		EBC4C2CC1D8E62EC006C35F4 /* ViewController.m */ = {isa = PBXFileReference; lastKnownFileType = sourcecode.c.objc; path = ViewController.m; sourceTree = "<group>"; };
		EBC4C2CE1D8E62EC006C35F4 /* Assets.xcassets */ = {isa = PBXFileReference; lastKnownFileType = folder.assetcatalog; path = Assets.xcassets; sourceTree = "<group>"; };
		EBC4C2D11D8E62EC006C35F4 /* Base */ = {isa = PBXFileReference; lastKnownFileType = file.storyboard; name = Base; path = Base.lproj/Main.storyboard; sourceTree = "<group>"; };
		EBC4C2D31D8E62EC006C35F4 /* Info.plist */ = {isa = PBXFileReference; lastKnownFileType = text.plist.xml; path = Info.plist; sourceTree = "<group>"; };
		EBC4C2D91D8E7424006C35F4 /* MainWindowController.h */ = {isa = PBXFileReference; fileEncoding = 4; lastKnownFileType = sourcecode.c.h; path = MainWindowController.h; sourceTree = "<group>"; };
		EBC4C2DA1D8E7424006C35F4 /* MainWindowController.m */ = {isa = PBXFileReference; fileEncoding = 4; lastKnownFileType = sourcecode.c.objc; path = MainWindowController.m; sourceTree = "<group>"; };
		EBC4C2DC1D8E77A6006C35F4 /* KeyContainerView.h */ = {isa = PBXFileReference; fileEncoding = 4; lastKnownFileType = sourcecode.c.h; path = KeyContainerView.h; sourceTree = "<group>"; };
		EBC4C2DD1D8E77A6006C35F4 /* KeyContainerView.m */ = {isa = PBXFileReference; fileEncoding = 4; lastKnownFileType = sourcecode.c.objc; path = KeyContainerView.m; sourceTree = "<group>"; };
		EBC4C2DF1D8E77B6006C35F4 /* DropContainerView.h */ = {isa = PBXFileReference; fileEncoding = 4; lastKnownFileType = sourcecode.c.h; path = DropContainerView.h; sourceTree = "<group>"; };
		EBC4C2E01D8E77B6006C35F4 /* DropContainerView.m */ = {isa = PBXFileReference; fileEncoding = 4; lastKnownFileType = sourcecode.c.objc; path = DropContainerView.m; sourceTree = "<group>"; };
/* End PBXFileReference section */

/* Begin PBXFrameworksBuildPhase section */
		EBC4C2BF1D8E62EC006C35F4 /* Frameworks */ = {
			isa = PBXFrameworksBuildPhase;
			buildActionMask = 2147483647;
			files = (
			);
			runOnlyForDeploymentPostprocessing = 0;
		};
/* End PBXFrameworksBuildPhase section */

/* Begin PBXGroup section */
		EBB5C6841D8E885D0052414B /* Controllers */ = {
			isa = PBXGroup;
			children = (
				EBC4C2D91D8E7424006C35F4 /* MainWindowController.h */,
				EBC4C2DA1D8E7424006C35F4 /* MainWindowController.m */,
				EBC4C2CB1D8E62EC006C35F4 /* ViewController.h */,
				EBC4C2CC1D8E62EC006C35F4 /* ViewController.m */,
			);
			name = Controllers;
			sourceTree = "<group>";
		};
		EBB5C6851D8E886C0052414B /* Views */ = {
			isa = PBXGroup;
			children = (
				EBC4C2DC1D8E77A6006C35F4 /* KeyContainerView.h */,
				EBC4C2DD1D8E77A6006C35F4 /* KeyContainerView.m */,
				EBC4C2DF1D8E77B6006C35F4 /* DropContainerView.h */,
				EBC4C2E01D8E77B6006C35F4 /* DropContainerView.m */,
			);
			name = Views;
			sourceTree = "<group>";
		};
		EBB5C6861D8E88780052414B /* Categroies */ = {
			isa = PBXGroup;
			children = (
				EBB5C6811D8E87A50052414B /* NSData+Encryption.h */,
				EBB5C6821D8E87A50052414B /* NSData+Encryption.m */,
			);
			name = Categroies;
			sourceTree = "<group>";
		};
		EBB5C6871D8E8FB20052414B /* Helper */ = {
			isa = PBXGroup;
			children = (
				EBB5C6881D8E8FD20052414B /* EncrypteOutputHelper.h */,
				EBB5C6891D8E8FD20052414B /* EncrypteOutputHelper.m */,
			);
			name = Helper;
			sourceTree = "<group>";
		};
		EBC4C2B91D8E62EC006C35F4 = {
			isa = PBXGroup;
			children = (
				EBC4C2C41D8E62EC006C35F4 /* Encryptor */,
				EBC4C2C31D8E62EC006C35F4 /* Products */,
			);
			sourceTree = "<group>";
		};
		EBC4C2C31D8E62EC006C35F4 /* Products */ = {
			isa = PBXGroup;
			children = (
				EBC4C2C21D8E62EC006C35F4 /* Encryptor.app */,
			);
			name = Products;
			sourceTree = "<group>";
		};
		EBC4C2C41D8E62EC006C35F4 /* Encryptor */ = {
			isa = PBXGroup;
			children = (
				EBC4C2C51D8E62EC006C35F4 /* AppDelegate.h */,
				EBC4C2C61D8E62EC006C35F4 /* AppDelegate.m */,
				EBB5C6871D8E8FB20052414B /* Helper */,
				EBB5C6861D8E88780052414B /* Categroies */,
				EBB5C6841D8E885D0052414B /* Controllers */,
				EBB5C6851D8E886C0052414B /* Views */,
				EBC4C2CE1D8E62EC006C35F4 /* Assets.xcassets */,
				EBC4C2D01D8E62EC006C35F4 /* Main.storyboard */,
				EBC4C2D31D8E62EC006C35F4 /* Info.plist */,
				EBC4C2C81D8E62EC006C35F4 /* Supporting Files */,
			);
			path = Encryptor;
			sourceTree = "<group>";
		};
		EBC4C2C81D8E62EC006C35F4 /* Supporting Files */ = {
			isa = PBXGroup;
			children = (
				EBC4C2C91D8E62EC006C35F4 /* main.m */,
			);
			name = "Supporting Files";
			sourceTree = "<group>";
		};
/* End PBXGroup section */

/* Begin PBXNativeTarget section */
		EBC4C2C11D8E62EC006C35F4 /* Encryptor */ = {
			isa = PBXNativeTarget;
			buildConfigurationList = EBC4C2D61D8E62EC006C35F4 /* Build configuration list for PBXNativeTarget "Encryptor" */;
			buildPhases = (
				EBC4C2BE1D8E62EC006C35F4 /* Sources */,
				EBC4C2BF1D8E62EC006C35F4 /* Frameworks */,
				EBC4C2C01D8E62EC006C35F4 /* Resources */,
			);
			buildRules = (
			);
			dependencies = (
			);
			name = Encryptor;
			productName = Encryptor;
			productReference = EBC4C2C21D8E62EC006C35F4 /* Encryptor.app */;
			productType = "com.apple.product-type.application";
		};
/* End PBXNativeTarget section */

/* Begin PBXProject section */
		EBC4C2BA1D8E62EC006C35F4 /* Project object */ = {
			isa = PBXProject;
			attributes = {
				LastUpgradeCheck = 0800;
				ORGANIZATIONNAME = Clover;
				TargetAttributes = {
					EBC4C2C11D8E62EC006C35F4 = {
						CreatedOnToolsVersion = 8.0;
						DevelopmentTeam = 7E85ABYGEY;
						ProvisioningStyle = Automatic;
					};
				};
			};
			buildConfigurationList = EBC4C2BD1D8E62EC006C35F4 /* Build configuration list for PBXProject "Encryptor" */;
			compatibilityVersion = "Xcode 3.2";
			developmentRegion = English;
			hasScannedForEncodings = 0;
			knownRegions = (
				en,
				Base,
			);
			mainGroup = EBC4C2B91D8E62EC006C35F4;
			productRefGroup = EBC4C2C31D8E62EC006C35F4 /* Products */;
			projectDirPath = "";
			projectRoot = "";
			targets = (
				EBC4C2C11D8E62EC006C35F4 /* Encryptor */,
			);
		};
/* End PBXProject section */

/* Begin PBXResourcesBuildPhase section */
		EBC4C2C01D8E62EC006C35F4 /* Resources */ = {
			isa = PBXResourcesBuildPhase;
			buildActionMask = 2147483647;
			files = (
				EBC4C2CF1D8E62EC006C35F4 /* Assets.xcassets in Resources */,
				EBC4C2D21D8E62EC006C35F4 /* Main.storyboard in Resources */,
			);
			runOnlyForDeploymentPostprocessing = 0;
		};
/* End PBXResourcesBuildPhase section */

/* Begin PBXSourcesBuildPhase section */
		EBC4C2BE1D8E62EC006C35F4 /* Sources */ = {
			isa = PBXSourcesBuildPhase;
			buildActionMask = 2147483647;
			files = (
				EBC4C2CD1D8E62EC006C35F4 /* ViewController.m in Sources */,
				EBC4C2CA1D8E62EC006C35F4 /* main.m in Sources */,
				EBC4C2DB1D8E7424006C35F4 /* MainWindowController.m in Sources */,
				EBC4C2E11D8E77B6006C35F4 /* DropContainerView.m in Sources */,
				EBB5C68A1D8E8FD20052414B /* EncrypteOutputHelper.m in Sources */,
				EBC4C2DE1D8E77A6006C35F4 /* KeyContainerView.m in Sources */,
				EBC4C2C71D8E62EC006C35F4 /* AppDelegate.m in Sources */,
				EBB5C6831D8E87A50052414B /* NSData+Encryption.m in Sources */,
			);
			runOnlyForDeploymentPostprocessing = 0;
		};
/* End PBXSourcesBuildPhase section */

/* Begin PBXVariantGroup section */
		EBC4C2D01D8E62EC006C35F4 /* Main.storyboard */ = {
			isa = PBXVariantGroup;
			children = (
				EBC4C2D11D8E62EC006C35F4 /* Base */,
			);
			name = Main.storyboard;
			sourceTree = "<group>";
		};
/* End PBXVariantGroup section */

/* Begin XCBuildConfiguration section */
		EBC4C2D41D8E62EC006C35F4 /* Debug */ = {
			isa = XCBuildConfiguration;
			buildSettings = {
				ALWAYS_SEARCH_USER_PATHS = NO;
				CLANG_ANALYZER_NONNULL = YES;
				CLANG_CXX_LANGUAGE_STANDARD = "gnu++0x";
				CLANG_CXX_LIBRARY = "libc++";
				CLANG_ENABLE_MODULES = YES;
				CLANG_ENABLE_OBJC_ARC = YES;
				CLANG_WARN_BOOL_CONVERSION = YES;
				CLANG_WARN_CONSTANT_CONVERSION = YES;
				CLANG_WARN_DIRECT_OBJC_ISA_USAGE = YES_ERROR;
				CLANG_WARN_DOCUMENTATION_COMMENTS = YES;
				CLANG_WARN_EMPTY_BODY = YES;
				CLANG_WARN_ENUM_CONVERSION = YES;
				CLANG_WARN_INFINITE_RECURSION = YES;
				CLANG_WARN_INT_CONVERSION = YES;
				CLANG_WARN_OBJC_ROOT_CLASS = YES_ERROR;
				CLANG_WARN_SUSPICIOUS_MOVES = YES;
				CLANG_WARN_UNREACHABLE_CODE = YES;
				CLANG_WARN__DUPLICATE_METHOD_MATCH = YES;
				CODE_SIGN_IDENTITY = "-";
				COPY_PHASE_STRIP = NO;
				DEBUG_INFORMATION_FORMAT = dwarf;
				ENABLE_STRICT_OBJC_MSGSEND = YES;
				ENABLE_TESTABILITY = YES;
				GCC_C_LANGUAGE_STANDARD = gnu99;
				GCC_DYNAMIC_NO_PIC = NO;
				GCC_NO_COMMON_BLOCKS = YES;
				GCC_OPTIMIZATION_LEVEL = 0;
				GCC_PREPROCESSOR_DEFINITIONS = (
					"DEBUG=1",
					"$(inherited)",
				);
				GCC_WARN_64_TO_32_BIT_CONVERSION = YES;
				GCC_WARN_ABOUT_RETURN_TYPE = YES_ERROR;
				GCC_WARN_UNDECLARED_SELECTOR = YES;
				GCC_WARN_UNINITIALIZED_AUTOS = YES_AGGRESSIVE;
				GCC_WARN_UNUSED_FUNCTION = YES;
				GCC_WARN_UNUSED_VARIABLE = YES;
				MACOSX_DEPLOYMENT_TARGET = 10.11;
				MTL_ENABLE_DEBUG_INFO = YES;
				ONLY_ACTIVE_ARCH = YES;
				SDKROOT = macosx;
			};
			name = Debug;
		};
		EBC4C2D51D8E62EC006C35F4 /* Release */ = {
			isa = XCBuildConfiguration;
			buildSettings = {
				ALWAYS_SEARCH_USER_PATHS = NO;
				CLANG_ANALYZER_NONNULL = YES;
				CLANG_CXX_LANGUAGE_STANDARD = "gnu++0x";
				CLANG_CXX_LIBRARY = "libc++";
				CLANG_ENABLE_MODULES = YES;
				CLANG_ENABLE_OBJC_ARC = YES;
				CLANG_WARN_BOOL_CONVERSION = YES;
				CLANG_WARN_CONSTANT_CONVERSION = YES;
				CLANG_WARN_DIRECT_OBJC_ISA_USAGE = YES_ERROR;
				CLANG_WARN_DOCUMENTATION_COMMENTS = YES;
				CLANG_WARN_EMPTY_BODY = YES;
				CLANG_WARN_ENUM_CONVERSION = YES;
				CLANG_WARN_INFINITE_RECURSION = YES;
				CLANG_WARN_INT_CONVERSION = YES;
				CLANG_WARN_OBJC_ROOT_CLASS = YES_ERROR;
				CLANG_WARN_SUSPICIOUS_MOVES = YES;
				CLANG_WARN_UNREACHABLE_CODE = YES;
				CLANG_WARN__DUPLICATE_METHOD_MATCH = YES;
				CODE_SIGN_IDENTITY = "-";
				COPY_PHASE_STRIP = NO;
				DEBUG_INFORMATION_FORMAT = "dwarf-with-dsym";
				ENABLE_NS_ASSERTIONS = NO;
				ENABLE_STRICT_OBJC_MSGSEND = YES;
				GCC_C_LANGUAGE_STANDARD = gnu99;
				GCC_NO_COMMON_BLOCKS = YES;
				GCC_WARN_64_TO_32_BIT_CONVERSION = YES;
				GCC_WARN_ABOUT_RETURN_TYPE = YES_ERROR;
				GCC_WARN_UNDECLARED_SELECTOR = YES;
				GCC_WARN_UNINITIALIZED_AUTOS = YES_AGGRESSIVE;
				GCC_WARN_UNUSED_FUNCTION = YES;
				GCC_WARN_UNUSED_VARIABLE = YES;
				MACOSX_DEPLOYMENT_TARGET = 10.11;
				MTL_ENABLE_DEBUG_INFO = NO;
				SDKROOT = macosx;
			};
			name = Release;
		};
		EBC4C2D71D8E62EC006C35F4 /* Debug */ = {
			isa = XCBuildConfiguration;
			buildSettings = {
				ASSETCATALOG_COMPILER_APPICON_NAME = AppIcon;
				COMBINE_HIDPI_IMAGES = YES;
				DEVELOPMENT_TEAM = 7E85ABYGEY;
				INFOPLIST_FILE = Encryptor/Info.plist;
				LD_RUNPATH_SEARCH_PATHS = "$(inherited) @executable_path/../Frameworks";
				PRODUCT_BUNDLE_IDENTIFIER = com.itinnox.Encryptor;
				PRODUCT_NAME = "$(TARGET_NAME)";
			};
			name = Debug;
		};
		EBC4C2D81D8E62EC006C35F4 /* Release */ = {
			isa = XCBuildConfiguration;
			buildSettings = {
				ASSETCATALOG_COMPILER_APPICON_NAME = AppIcon;
				COMBINE_HIDPI_IMAGES = YES;
				DEVELOPMENT_TEAM = 7E85ABYGEY;
				INFOPLIST_FILE = Encryptor/Info.plist;
				LD_RUNPATH_SEARCH_PATHS = "$(inherited) @executable_path/../Frameworks";
				PRODUCT_BUNDLE_IDENTIFIER = com.itinnox.Encryptor;
				PRODUCT_NAME = "$(TARGET_NAME)";
			};
			name = Release;
		};
/* End XCBuildConfiguration section */

/* Begin XCConfigurationList section */
		EBC4C2BD1D8E62EC006C35F4 /* Build configuration list for PBXProject "Encryptor" */ = {
			isa = XCConfigurationList;
			buildConfigurations = (
				EBC4C2D41D8E62EC006C35F4 /* Debug */,
				EBC4C2D51D8E62EC006C35F4 /* Release */,
			);
			defaultConfigurationIsVisible = 0;
			defaultConfigurationName = Release;
		};
		EBC4C2D61D8E62EC006C35F4 /* Build configuration list for PBXNativeTarget "Encryptor" */ = {
			isa = XCConfigurationList;
			buildConfigurations = (
				EBC4C2D71D8E62EC006C35F4 /* Debug */,
				EBC4C2D81D8E62EC006C35F4 /* Release */,
			);
			defaultConfigurationIsVisible = 0;
			defaultConfigurationName = Release;
		};
/* End XCConfigurationList section */
	};
	rootObject = EBC4C2BA1D8E62EC006C35F4 /* Project object */;
}
